// !$*UTF8*$!
{
	archiveVersion = 1;
	classes = {
	};
	objectVersion = 56;
	objects = {

/* Begin PBXBuildFile section */
		27386B732C50CBDD003553B8 /* CurrencyExchangeApp.swift in Sources */ = {isa = PBXBuildFile; fileRef = 27386B722C50CBDD003553B8 /* CurrencyExchangeApp.swift */; };
		27386B752C50CBDD003553B8 /* ContentView.swift in Sources */ = {isa = PBXBuildFile; fileRef = 27386B742C50CBDD003553B8 /* ContentView.swift */; };
		27386B772C50CBDF003553B8 /* Assets.xcassets in Resources */ = {isa = PBXBuildFile; fileRef = 27386B762C50CBDF003553B8 /* Assets.xcassets */; };
		27386B7A2C50CBDF003553B8 /* Preview Assets.xcassets in Resources */ = {isa = PBXBuildFile; fileRef = 27386B792C50CBDF003553B8 /* Preview Assets.xcassets */; };
		27386B842C50CBDF003553B8 /* CurrencyExchangeTests.swift in Sources */ = {isa = PBXBuildFile; fileRef = 27386B832C50CBDF003553B8 /* CurrencyExchangeTests.swift */; };
		27386B8E2C50CBDF003553B8 /* CurrencyExchangeUITests.swift in Sources */ = {isa = PBXBuildFile; fileRef = 27386B8D2C50CBDF003553B8 /* CurrencyExchangeUITests.swift */; };
		27386B902C50CBDF003553B8 /* CurrencyExchangeUITestsLaunchTests.swift in Sources */ = {isa = PBXBuildFile; fileRef = 27386B8F2C50CBDF003553B8 /* CurrencyExchangeUITestsLaunchTests.swift */; };
/* End PBXBuildFile section */

/* Begin PBXContainerItemProxy section */
		27386B802C50CBDF003553B8 /* PBXContainerItemProxy */ = {
			isa = PBXContainerItemProxy;
			containerPortal = 27386B672C50CBDD003553B8 /* Project object */;
			proxyType = 1;
			remoteGlobalIDString = 27386B6E2C50CBDD003553B8;
			remoteInfo = CurrencyExchange;
		};
		27386B8A2C50CBDF003553B8 /* PBXContainerItemProxy */ = {
			isa = PBXContainerItemProxy;
			containerPortal = 27386B672C50CBDD003553B8 /* Project object */;
			proxyType = 1;
			remoteGlobalIDString = 27386B6E2C50CBDD003553B8;
			remoteInfo = CurrencyExchange;
		};
/* End PBXContainerItemProxy section */

/* Begin PBXFileReference section */
		27386B6F2C50CBDD003553B8 /* CurrencyExchange.app */ = {isa = PBXFileReference; explicitFileType = wrapper.application; includeInIndex = 0; path = CurrencyExchange.app; sourceTree = BUILT_PRODUCTS_DIR; };
		27386B722C50CBDD003553B8 /* CurrencyExchangeApp.swift */ = {isa = PBXFileReference; lastKnownFileType = sourcecode.swift; path = CurrencyExchangeApp.swift; sourceTree = "<group>"; };
		27386B742C50CBDD003553B8 /* ContentView.swift */ = {isa = PBXFileReference; lastKnownFileType = sourcecode.swift; path = ContentView.swift; sourceTree = "<group>"; };
		27386B762C50CBDF003553B8 /* Assets.xcassets */ = {isa = PBXFileReference; lastKnownFileType = folder.assetcatalog; path = Assets.xcassets; sourceTree = "<group>"; };
		27386B792C50CBDF003553B8 /* Preview Assets.xcassets */ = {isa = PBXFileReference; lastKnownFileType = folder.assetcatalog; path = "Preview Assets.xcassets"; sourceTree = "<group>"; };
		27386B7F2C50CBDF003553B8 /* CurrencyExchangeTests.xctest */ = {isa = PBXFileReference; explicitFileType = wrapper.cfbundle; includeInIndex = 0; path = CurrencyExchangeTests.xctest; sourceTree = BUILT_PRODUCTS_DIR; };
		27386B832C50CBDF003553B8 /* CurrencyExchangeTests.swift */ = {isa = PBXFileReference; lastKnownFileType = sourcecode.swift; path = CurrencyExchangeTests.swift; sourceTree = "<group>"; };
		27386B892C50CBDF003553B8 /* CurrencyExchangeUITests.xctest */ = {isa = PBXFileReference; explicitFileType = wrapper.cfbundle; includeInIndex = 0; path = CurrencyExchangeUITests.xctest; sourceTree = BUILT_PRODUCTS_DIR; };
		27386B8D2C50CBDF003553B8 /* CurrencyExchangeUITests.swift */ = {isa = PBXFileReference; lastKnownFileType = sourcecode.swift; path = CurrencyExchangeUITests.swift; sourceTree = "<group>"; };
		27386B8F2C50CBDF003553B8 /* CurrencyExchangeUITestsLaunchTests.swift */ = {isa = PBXFileReference; lastKnownFileType = sourcecode.swift; path = CurrencyExchangeUITestsLaunchTests.swift; sourceTree = "<group>"; };
/* End PBXFileReference section */

/* Begin PBXFrameworksBuildPhase section */
		27386B6C2C50CBDD003553B8 /* Frameworks */ = {
			isa = PBXFrameworksBuildPhase;
			buildActionMask = 2147483647;
			files = (
			);
			runOnlyForDeploymentPostprocessing = 0;
		};
		27386B7C2C50CBDF003553B8 /* Frameworks */ = {
			isa = PBXFrameworksBuildPhase;
			buildActionMask = 2147483647;
			files = (
			);
			runOnlyForDeploymentPostprocessing = 0;
		};
		27386B862C50CBDF003553B8 /* Frameworks */ = {
			isa = PBXFrameworksBuildPhase;
			buildActionMask = 2147483647;
			files = (
			);
			runOnlyForDeploymentPostprocessing = 0;
		};
/* End PBXFrameworksBuildPhase section */

/* Begin PBXGroup section */
		27386B662C50CBDD003553B8 = {
			isa = PBXGroup;
			children = (
				27386B712C50CBDD003553B8 /* CurrencyExchange */,
				27386B822C50CBDF003553B8 /* CurrencyExchangeTests */,
				27386B8C2C50CBDF003553B8 /* CurrencyExchangeUITests */,
				27386B702C50CBDD003553B8 /* Products */,
			);
			sourceTree = "<group>";
		};
		27386B702C50CBDD003553B8 /* Products */ = {
			isa = PBXGroup;
			children = (
				27386B6F2C50CBDD003553B8 /* CurrencyExchange.app */,
				27386B7F2C50CBDF003553B8 /* CurrencyExchangeTests.xctest */,
				27386B892C50CBDF003553B8 /* CurrencyExchangeUITests.xctest */,
			);
			name = Products;
			sourceTree = "<group>";
		};
		27386B712C50CBDD003553B8 /* CurrencyExchange */ = {
			isa = PBXGroup;
			children = (
				27386B722C50CBDD003553B8 /* CurrencyExchangeApp.swift */,
				27386B742C50CBDD003553B8 /* ContentView.swift */,
				27386B762C50CBDF003553B8 /* Assets.xcassets */,
				27386B782C50CBDF003553B8 /* Preview Content */,
			);
			path = CurrencyExchange;
			sourceTree = "<group>";
		};
		27386B782C50CBDF003553B8 /* Preview Content */ = {
			isa = PBXGroup;
			children = (
				27386B792C50CBDF003553B8 /* Preview Assets.xcassets */,
			);
			path = "Preview Content";
			sourceTree = "<group>";
		};
		27386B822C50CBDF003553B8 /* CurrencyExchangeTests */ = {
			isa = PBXGroup;
			children = (
				27386B832C50CBDF003553B8 /* CurrencyExchangeTests.swift */,
			);
			path = CurrencyExchangeTests;
			sourceTree = "<group>";
		};
		27386B8C2C50CBDF003553B8 /* CurrencyExchangeUITests */ = {
			isa = PBXGroup;
			children = (
				27386B8D2C50CBDF003553B8 /* CurrencyExchangeUITests.swift */,
				27386B8F2C50CBDF003553B8 /* CurrencyExchangeUITestsLaunchTests.swift */,
			);
			path = CurrencyExchangeUITests;
			sourceTree = "<group>";
		};
/* End PBXGroup section */

/* Begin PBXNativeTarget section */
		27386B6E2C50CBDD003553B8 /* CurrencyExchange */ = {
			isa = PBXNativeTarget;
			buildConfigurationList = 27386B932C50CBDF003553B8 /* Build configuration list for PBXNativeTarget "CurrencyExchange" */;
			buildPhases = (
				27386B6B2C50CBDD003553B8 /* Sources */,
				27386B6C2C50CBDD003553B8 /* Frameworks */,
				27386B6D2C50CBDD003553B8 /* Resources */,
			);
			buildRules = (
			);
			dependencies = (
			);
			name = CurrencyExchange;
			productName = CurrencyExchange;
			productReference = 27386B6F2C50CBDD003553B8 /* CurrencyExchange.app */;
			productType = "com.apple.product-type.application";
		};
		27386B7E2C50CBDF003553B8 /* CurrencyExchangeTests */ = {
			isa = PBXNativeTarget;
			buildConfigurationList = 27386B962C50CBDF003553B8 /* Build configuration list for PBXNativeTarget "CurrencyExchangeTests" */;
			buildPhases = (
				27386B7B2C50CBDF003553B8 /* Sources */,
				27386B7C2C50CBDF003553B8 /* Frameworks */,
				27386B7D2C50CBDF003553B8 /* Resources */,
			);
			buildRules = (
			);
			dependencies = (
				27386B812C50CBDF003553B8 /* PBXTargetDependency */,
			);
			name = CurrencyExchangeTests;
			productName = CurrencyExchangeTests;
			productReference = 27386B7F2C50CBDF003553B8 /* CurrencyExchangeTests.xctest */;
			productType = "com.apple.product-type.bundle.unit-test";
		};
		27386B882C50CBDF003553B8 /* CurrencyExchangeUITests */ = {
			isa = PBXNativeTarget;
			buildConfigurationList = 27386B992C50CBDF003553B8 /* Build configuration list for PBXNativeTarget "CurrencyExchangeUITests" */;
			buildPhases = (
				27386B852C50CBDF003553B8 /* Sources */,
				27386B862C50CBDF003553B8 /* Frameworks */,
				27386B872C50CBDF003553B8 /* Resources */,
			);
			buildRules = (
			);
			dependencies = (
				27386B8B2C50CBDF003553B8 /* PBXTargetDependency */,
			);
			name = CurrencyExchangeUITests;
			productName = CurrencyExchangeUITests;
			productReference = 27386B892C50CBDF003553B8 /* CurrencyExchangeUITests.xctest */;
			productType = "com.apple.product-type.bundle.ui-testing";
		};
/* End PBXNativeTarget section */

/* Begin PBXProject section */
		27386B672C50CBDD003553B8 /* Project object */ = {
			isa = PBXProject;
			attributes = {
				BuildIndependentTargetsInParallel = 1;
				LastSwiftUpdateCheck = 1540;
				LastUpgradeCheck = 1540;
				TargetAttributes = {
					27386B6E2C50CBDD003553B8 = {
						CreatedOnToolsVersion = 15.4;
					};
					27386B7E2C50CBDF003553B8 = {
						CreatedOnToolsVersion = 15.4;
						TestTargetID = 27386B6E2C50CBDD003553B8;
					};
					27386B882C50CBDF003553B8 = {
						CreatedOnToolsVersion = 15.4;
						TestTargetID = 27386B6E2C50CBDD003553B8;
					};
				};
			};
			buildConfigurationList = 27386B6A2C50CBDD003553B8 /* Build configuration list for PBXProject "CurrencyExchange" */;
			compatibilityVersion = "Xcode 14.0";
			developmentRegion = en;
			hasScannedForEncodings = 0;
			knownRegions = (
				en,
				Base,
			);
			mainGroup = 27386B662C50CBDD003553B8;
			productRefGroup = 27386B702C50CBDD003553B8 /* Products */;
			projectDirPath = "";
			projectRoot = "";
			targets = (
				27386B6E2C50CBDD003553B8 /* CurrencyExchange */,
				27386B7E2C50CBDF003553B8 /* CurrencyExchangeTests */,
				27386B882C50CBDF003553B8 /* CurrencyExchangeUITests */,
			);
		};
/* End PBXProject section */

/* Begin PBXResourcesBuildPhase section */
		27386B6D2C50CBDD003553B8 /* Resources */ = {
			isa = PBXResourcesBuildPhase;
			buildActionMask = 2147483647;
			files = (
				27386B7A2C50CBDF003553B8 /* Preview Assets.xcassets in Resources */,
				27386B772C50CBDF003553B8 /* Assets.xcassets in Resources */,
			);
			runOnlyForDeploymentPostprocessing = 0;
		};
		27386B7D2C50CBDF003553B8 /* Resources */ = {
			isa = PBXResourcesBuildPhase;
			buildActionMask = 2147483647;
			files = (
			);
			runOnlyForDeploymentPostprocessing = 0;
		};
		27386B872C50CBDF003553B8 /* Resources */ = {
			isa = PBXResourcesBuildPhase;
			buildActionMask = 2147483647;
			files = (
			);
			runOnlyForDeploymentPostprocessing = 0;
		};
/* End PBXResourcesBuildPhase section */

/* Begin PBXSourcesBuildPhase section */
		27386B6B2C50CBDD003553B8 /* Sources */ = {
			isa = PBXSourcesBuildPhase;
			buildActionMask = 2147483647;
			files = (
				27386B752C50CBDD003553B8 /* ContentView.swift in Sources */,
				27386B732C50CBDD003553B8 /* CurrencyExchangeApp.swift in Sources */,
			);
			runOnlyForDeploymentPostprocessing = 0;
		};
		27386B7B2C50CBDF003553B8 /* Sources */ = {
			isa = PBXSourcesBuildPhase;
			buildActionMask = 2147483647;
			files = (
				27386B842C50CBDF003553B8 /* CurrencyExchangeTests.swift in Sources */,
			);
			runOnlyForDeploymentPostprocessing = 0;
		};
		27386B852C50CBDF003553B8 /* Sources */ = {
			isa = PBXSourcesBuildPhase;
			buildActionMask = 2147483647;
			files = (
				27386B902C50CBDF003553B8 /* CurrencyExchangeUITestsLaunchTests.swift in Sources */,
				27386B8E2C50CBDF003553B8 /* CurrencyExchangeUITests.swift in Sources */,
			);
			runOnlyForDeploymentPostprocessing = 0;
		};
/* End PBXSourcesBuildPhase section */

/* Begin PBXTargetDependency section */
		27386B812C50CBDF003553B8 /* PBXTargetDependency */ = {
			isa = PBXTargetDependency;
			target = 27386B6E2C50CBDD003553B8 /* CurrencyExchange */;
			targetProxy = 27386B802C50CBDF003553B8 /* PBXContainerItemProxy */;
		};
		27386B8B2C50CBDF003553B8 /* PBXTargetDependency */ = {
			isa = PBXTargetDependency;
			target = 27386B6E2C50CBDD003553B8 /* CurrencyExchange */;
			targetProxy = 27386B8A2C50CBDF003553B8 /* PBXContainerItemProxy */;
		};
/* End PBXTargetDependency section */

/* Begin XCBuildConfiguration section */
		27386B912C50CBDF003553B8 /* Debug */ = {
			isa = XCBuildConfiguration;
			buildSettings = {
				ALWAYS_SEARCH_USER_PATHS = NO;
				ASSETCATALOG_COMPILER_GENERATE_SWIFT_ASSET_SYMBOL_EXTENSIONS = YES;
				CLANG_ANALYZER_NONNULL = YES;
				CLANG_ANALYZER_NUMBER_OBJECT_CONVERSION = YES_AGGRESSIVE;
				CLANG_CXX_LANGUAGE_STANDARD = "gnu++20";
				CLANG_ENABLE_MODULES = YES;
				CLANG_ENABLE_OBJC_ARC = YES;
				CLANG_ENABLE_OBJC_WEAK = YES;
				CLANG_WARN_BLOCK_CAPTURE_AUTORELEASING = YES;
				CLANG_WARN_BOOL_CONVERSION = YES;
				CLANG_WARN_COMMA = YES;
				CLANG_WARN_CONSTANT_CONVERSION = YES;
				CLANG_WARN_DEPRECATED_OBJC_IMPLEMENTATIONS = YES;
				CLANG_WARN_DIRECT_OBJC_ISA_USAGE = YES_ERROR;
				CLANG_WARN_DOCUMENTATION_COMMENTS = YES;
				CLANG_WARN_EMPTY_BODY = YES;
				CLANG_WARN_ENUM_CONVERSION = YES;
				CLANG_WARN_INFINITE_RECURSION = YES;
				CLANG_WARN_INT_CONVERSION = YES;
				CLANG_WARN_NON_LITERAL_NULL_CONVERSION = YES;
				CLANG_WARN_OBJC_IMPLICIT_RETAIN_SELF = YES;
				CLANG_WARN_OBJC_LITERAL_CONVERSION = YES;
				CLANG_WARN_OBJC_ROOT_CLASS = YES_ERROR;
				CLANG_WARN_QUOTED_INCLUDE_IN_FRAMEWORK_HEADER = YES;
				CLANG_WARN_RANGE_LOOP_ANALYSIS = YES;
				CLANG_WARN_STRICT_PROTOTYPES = YES;
				CLANG_WARN_SUSPICIOUS_MOVE = YES;
				CLANG_WARN_UNGUARDED_AVAILABILITY = YES_AGGRESSIVE;
				CLANG_WARN_UNREACHABLE_CODE = YES;
				CLANG_WARN__DUPLICATE_METHOD_MATCH = YES;
				COPY_PHASE_STRIP = NO;
				DEBUG_INFORMATION_FORMAT = dwarf;
				ENABLE_STRICT_OBJC_MSGSEND = YES;
				ENABLE_TESTABILITY = YES;
				ENABLE_USER_SCRIPT_SANDBOXING = YES;
				GCC_C_LANGUAGE_STANDARD = gnu17;
				GCC_DYNAMIC_NO_PIC = NO;
				GCC_NO_COMMON_BLOCKS = YES;
				GCC_OPTIMIZATION_LEVEL = 0;
				GCC_PREPROCESSOR_DEFINITIONS = (
					"DEBUG=1",
					"$(inherited)",
				);
				GCC_WARN_64_TO_32_BIT_CONVERSION = YES;
				GCC_WARN_ABOUT_RETURN_TYPE = YES_ERROR;
				GCC_WARN_UNDECLARED_SELECTOR = YES;
				GCC_WARN_UNINITIALIZED_AUTOS = YES_AGGRESSIVE;
				GCC_WARN_UNUSED_FUNCTION = YES;
				GCC_WARN_UNUSED_VARIABLE = YES;
				IPHONEOS_DEPLOYMENT_TARGET = 17.5;
				LOCALIZATION_PREFERS_STRING_CATALOGS = YES;
				MTL_ENABLE_DEBUG_INFO = INCLUDE_SOURCE;
				MTL_FAST_MATH = YES;
				ONLY_ACTIVE_ARCH = YES;
				SDKROOT = iphoneos;
				SWIFT_ACTIVE_COMPILATION_CONDITIONS = "DEBUG $(inherited)";
				SWIFT_OPTIMIZATION_LEVEL = "-Onone";
			};
			name = Debug;
		};
		27386B922C50CBDF003553B8 /* Release */ = {
			isa = XCBuildConfiguration;
			buildSettings = {
				ALWAYS_SEARCH_USER_PATHS = NO;
				ASSETCATALOG_COMPILER_GENERATE_SWIFT_ASSET_SYMBOL_EXTENSIONS = YES;
				CLANG_ANALYZER_NONNULL = YES;
				CLANG_ANALYZER_NUMBER_OBJECT_CONVERSION = YES_AGGRESSIVE;
				CLANG_CXX_LANGUAGE_STANDARD = "gnu++20";
				CLANG_ENABLE_MODULES = YES;
				CLANG_ENABLE_OBJC_ARC = YES;
				CLANG_ENABLE_OBJC_WEAK = YES;
				CLANG_WARN_BLOCK_CAPTURE_AUTORELEASING = YES;
				CLANG_WARN_BOOL_CONVERSION = YES;
				CLANG_WARN_COMMA = YES;
				CLANG_WARN_CONSTANT_CONVERSION = YES;
				CLANG_WARN_DEPRECATED_OBJC_IMPLEMENTATIONS = YES;
				CLANG_WARN_DIRECT_OBJC_ISA_USAGE = YES_ERROR;
				CLANG_WARN_DOCUMENTATION_COMMENTS = YES;
				CLANG_WARN_EMPTY_BODY = YES;
				CLANG_WARN_ENUM_CONVERSION = YES;
				CLANG_WARN_INFINITE_RECURSION = YES;
				CLANG_WARN_INT_CONVERSION = YES;
				CLANG_WARN_NON_LITERAL_NULL_CONVERSION = YES;
				CLANG_WARN_OBJC_IMPLICIT_RETAIN_SELF = YES;
				CLANG_WARN_OBJC_LITERAL_CONVERSION = YES;
				CLANG_WARN_OBJC_ROOT_CLASS = YES_ERROR;
				CLANG_WARN_QUOTED_INCLUDE_IN_FRAMEWORK_HEADER = YES;
				CLANG_WARN_RANGE_LOOP_ANALYSIS = YES;
				CLANG_WARN_STRICT_PROTOTYPES = YES;
				CLANG_WARN_SUSPICIOUS_MOVE = YES;
				CLANG_WARN_UNGUARDED_AVAILABILITY = YES_AGGRESSIVE;
				CLANG_WARN_UNREACHABLE_CODE = YES;
				CLANG_WARN__DUPLICATE_METHOD_MATCH = YES;
				COPY_PHASE_STRIP = NO;
				DEBUG_INFORMATION_FORMAT = "dwarf-with-dsym";
				ENABLE_NS_ASSERTIONS = NO;
				ENABLE_STRICT_OBJC_MSGSEND = YES;
				ENABLE_USER_SCRIPT_SANDBOXING = YES;
				GCC_C_LANGUAGE_STANDARD = gnu17;
				GCC_NO_COMMON_BLOCKS = YES;
				GCC_WARN_64_TO_32_BIT_CONVERSION = YES;
				GCC_WARN_ABOUT_RETURN_TYPE = YES_ERROR;
				GCC_WARN_UNDECLARED_SELECTOR = YES;
				GCC_WARN_UNINITIALIZED_AUTOS = YES_AGGRESSIVE;
				GCC_WARN_UNUSED_FUNCTION = YES;
				GCC_WARN_UNUSED_VARIABLE = YES;
				IPHONEOS_DEPLOYMENT_TARGET = 17.5;
				LOCALIZATION_PREFERS_STRING_CATALOGS = YES;
				MTL_ENABLE_DEBUG_INFO = NO;
				MTL_FAST_MATH = YES;
				SDKROOT = iphoneos;
				SWIFT_COMPILATION_MODE = wholemodule;
				VALIDATE_PRODUCT = YES;
			};
			name = Release;
		};
		27386B942C50CBDF003553B8 /* Debug */ = {
			isa = XCBuildConfiguration;
			buildSettings = {
				ASSETCATALOG_COMPILER_APPICON_NAME = AppIcon;
				ASSETCATALOG_COMPILER_GLOBAL_ACCENT_COLOR_NAME = AccentColor;
				CODE_SIGN_STYLE = Automatic;
				CURRENT_PROJECT_VERSION = 1;
				DEVELOPMENT_ASSET_PATHS = "\"CurrencyExchange/Preview Content\"";
				ENABLE_PREVIEWS = YES;
				GENERATE_INFOPLIST_FILE = YES;
				INFOPLIST_KEY_UIApplicationSceneManifest_Generation = YES;
				INFOPLIST_KEY_UIApplicationSupportsIndirectInputEvents = YES;
				INFOPLIST_KEY_UILaunchScreen_Generation = YES;
				INFOPLIST_KEY_UISupportedInterfaceOrientations_iPad = "UIInterfaceOrientationPortrait UIInterfaceOrientationPortraitUpsideDown UIInterfaceOrientationLandscapeLeft UIInterfaceOrientationLandscapeRight";
				INFOPLIST_KEY_UISupportedInterfaceOrientations_iPhone = "UIInterfaceOrientationPortrait UIInterfaceOrientationLandscapeLeft UIInterfaceOrientationLandscapeRight";
				LD_RUNPATH_SEARCH_PATHS = (
					"$(inherited)",
					"@executable_path/Frameworks",
				);
				MARKETING_VERSION = 1.0;
				PRODUCT_BUNDLE_IDENTIFIER = REM.CurrencyExchange;
				PRODUCT_NAME = "$(TARGET_NAME)";
				SWIFT_EMIT_LOC_STRINGS = YES;
				SWIFT_VERSION = 5.0;
				TARGETED_DEVICE_FAMILY = "1,2";
			};
			name = Debug;
		};
		27386B952C50CBDF003553B8 /* Release */ = {
			isa = XCBuildConfiguration;
			buildSettings = {
				ASSETCATALOG_COMPILER_APPICON_NAME = AppIcon;
				ASSETCATALOG_COMPILER_GLOBAL_ACCENT_COLOR_NAME = AccentColor;
				CODE_SIGN_STYLE = Automatic;
				CURRENT_PROJECT_VERSION = 1;
				DEVELOPMENT_ASSET_PATHS = "\"CurrencyExchange/Preview Content\"";
				ENABLE_PREVIEWS = YES;
				GENERATE_INFOPLIST_FILE = YES;
				INFOPLIST_KEY_UIApplicationSceneManifest_Generation = YES;
				INFOPLIST_KEY_UIApplicationSupportsIndirectInputEvents = YES;
				INFOPLIST_KEY_UILaunchScreen_Generation = YES;
				INFOPLIST_KEY_UISupportedInterfaceOrientations_iPad = "UIInterfaceOrientationPortrait UIInterfaceOrientationPortraitUpsideDown UIInterfaceOrientationLandscapeLeft UIInterfaceOrientationLandscapeRight";
				INFOPLIST_KEY_UISupportedInterfaceOrientations_iPhone = "UIInterfaceOrientationPortrait UIInterfaceOrientationLandscapeLeft UIInterfaceOrientationLandscapeRight";
				LD_RUNPATH_SEARCH_PATHS = (
					"$(inherited)",
					"@executable_path/Frameworks",
				);
				MARKETING_VERSION = 1.0;
				PRODUCT_BUNDLE_IDENTIFIER = REM.CurrencyExchange;
				PRODUCT_NAME = "$(TARGET_NAME)";
				SWIFT_EMIT_LOC_STRINGS = YES;
				SWIFT_VERSION = 5.0;
				TARGETED_DEVICE_FAMILY = "1,2";
			};
			name = Release;
		};
		27386B972C50CBDF003553B8 /* Debug */ = {
			isa = XCBuildConfiguration;
			buildSettings = {
				ALWAYS_EMBED_SWIFT_STANDARD_LIBRARIES = YES;
				BUNDLE_LOADER = "$(TEST_HOST)";
				CODE_SIGN_STYLE = Automatic;
				CURRENT_PROJECT_VERSION = 1;
				GENERATE_INFOPLIST_FILE = YES;
				IPHONEOS_DEPLOYMENT_TARGET = 17.5;
				MARKETING_VERSION = 1.0;
				PRODUCT_BUNDLE_IDENTIFIER = REM.CurrencyExchangeTests;
				PRODUCT_NAME = "$(TARGET_NAME)";
				SWIFT_EMIT_LOC_STRINGS = NO;
				SWIFT_VERSION = 5.0;
				TARGETED_DEVICE_FAMILY = "1,2";
				TEST_HOST = "$(BUILT_PRODUCTS_DIR)/CurrencyExchange.app/$(BUNDLE_EXECUTABLE_FOLDER_PATH)/CurrencyExchange";
			};
			name = Debug;
		};
		27386B982C50CBDF003553B8 /* Release */ = {
			isa = XCBuildConfiguration;
			buildSettings = {
				ALWAYS_EMBED_SWIFT_STANDARD_LIBRARIES = YES;
				BUNDLE_LOADER = "$(TEST_HOST)";
				CODE_SIGN_STYLE = Automatic;
				CURRENT_PROJECT_VERSION = 1;
				GENERATE_INFOPLIST_FILE = YES;
				IPHONEOS_DEPLOYMENT_TARGET = 17.5;
				MARKETING_VERSION = 1.0;
				PRODUCT_BUNDLE_IDENTIFIER = REM.CurrencyExchangeTests;
				PRODUCT_NAME = "$(TARGET_NAME)";
				SWIFT_EMIT_LOC_STRINGS = NO;
				SWIFT_VERSION = 5.0;
				TARGETED_DEVICE_FAMILY = "1,2";
				TEST_HOST = "$(BUILT_PRODUCTS_DIR)/CurrencyExchange.app/$(BUNDLE_EXECUTABLE_FOLDER_PATH)/CurrencyExchange";
			};
			name = Release;
		};
		27386B9A2C50CBDF003553B8 /* Debug */ = {
			isa = XCBuildConfiguration;
			buildSettings = {
				ALWAYS_EMBED_SWIFT_STANDARD_LIBRARIES = YES;
				CODE_SIGN_STYLE = Automatic;
				CURRENT_PROJECT_VERSION = 1;
				GENERATE_INFOPLIST_FILE = YES;
				MARKETING_VERSION = 1.0;
				PRODUCT_BUNDLE_IDENTIFIER = REM.CurrencyExchangeUITests;
				PRODUCT_NAME = "$(TARGET_NAME)";
				SWIFT_EMIT_LOC_STRINGS = NO;
				SWIFT_VERSION = 5.0;
				TARGETED_DEVICE_FAMILY = "1,2";
				TEST_TARGET_NAME = CurrencyExchange;
			};
			name = Debug;
		};
		27386B9B2C50CBDF003553B8 /* Release */ = {
			isa = XCBuildConfiguration;
			buildSettings = {
				ALWAYS_EMBED_SWIFT_STANDARD_LIBRARIES = YES;
				CODE_SIGN_STYLE = Automatic;
				CURRENT_PROJECT_VERSION = 1;
				GENERATE_INFOPLIST_FILE = YES;
				MARKETING_VERSION = 1.0;
				PRODUCT_BUNDLE_IDENTIFIER = REM.CurrencyExchangeUITests;
				PRODUCT_NAME = "$(TARGET_NAME)";
				SWIFT_EMIT_LOC_STRINGS = NO;
				SWIFT_VERSION = 5.0;
				TARGETED_DEVICE_FAMILY = "1,2";
				TEST_TARGET_NAME = CurrencyExchange;
			};
			name = Release;
		};
/* End XCBuildConfiguration section */

/* Begin XCConfigurationList section */
		27386B6A2C50CBDD003553B8 /* Build configuration list for PBXProject "CurrencyExchange" */ = {
			isa = XCConfigurationList;
			buildConfigurations = (
				27386B912C50CBDF003553B8 /* Debug */,
				27386B922C50CBDF003553B8 /* Release */,
			);
			defaultConfigurationIsVisible = 0;
			defaultConfigurationName = Release;
		};
		27386B932C50CBDF003553B8 /* Build configuration list for PBXNativeTarget "CurrencyExchange" */ = {
			isa = XCConfigurationList;
			buildConfigurations = (
				27386B942C50CBDF003553B8 /* Debug */,
				27386B952C50CBDF003553B8 /* Release */,
			);
			defaultConfigurationIsVisible = 0;
			defaultConfigurationName = Release;
		};
		27386B962C50CBDF003553B8 /* Build configuration list for PBXNativeTarget "CurrencyExchangeTests" */ = {
			isa = XCConfigurationList;
			buildConfigurations = (
				27386B972C50CBDF003553B8 /* Debug */,
				27386B982C50CBDF003553B8 /* Release */,
			);
			defaultConfigurationIsVisible = 0;
			defaultConfigurationName = Release;
		};
		27386B992C50CBDF003553B8 /* Build configuration list for PBXNativeTarget "CurrencyExchangeUITests" */ = {
			isa = XCConfigurationList;
			buildConfigurations = (
				27386B9A2C50CBDF003553B8 /* Debug */,
				27386B9B2C50CBDF003553B8 /* Release */,
			);
			defaultConfigurationIsVisible = 0;
			defaultConfigurationName = Release;
		};
/* End XCConfigurationList section */
	};
	rootObject = 27386B672C50CBDD003553B8 /* Project object */;
}
